
Microsoft Visual Studio Solution File, Format Version 12.00
# Visual Studio 15
VisualStudioVersion = 15.0.28010.2003
MinimumVisualStudioVersion = 10.0.40219.1
Project("{2150E333-8FDC-42A3-9474-1A3956D46DE8}") = "src", "src", "{1DF558DF-E7DA-426F-8722-3A0BB461880D}"
EndProject
Project("{2150E333-8FDC-42A3-9474-1A3956D46DE8}") = "test", "test", "{78DADB7E-7D72-4D78-AF92-DE7841E38582}"
EndProject
Project("{FAE04EC0-301F-11D3-BF4B-00C04F79EFBC}") = "Tars.Net.Abstraction", "src\Tars.Net.Abstraction\Tars.Net.Abstraction.csproj", "{BA370C5F-117E-4B11-B15F-07983E829779}"
EndProject
Project("{FAE04EC0-301F-11D3-BF4B-00C04F79EFBC}") = "Tars.Net.Hosting.DotNetty", "src\Tars.Net.Hosting.DotNetty\Tars.Net.Hosting.DotNetty.csproj", "{A502AC58-E5F6-40F8-B6CC-198BB1A15632}"
EndProject
Project("{2150E333-8FDC-42A3-9474-1A3956D46DE8}") = "exapmles", "exapmles", "{6F29A37C-9052-4BEE-AFAC-5B16667D0633}"
EndProject
Project("{FAE04EC0-301F-11D3-BF4B-00C04F79EFBC}") = "Tcp", "exapmles\Tcp\Tcp.csproj", "{EAE9F81C-EB21-4A0D-8995-E2BE15D9BA98}"
EndProject
Project("{FAE04EC0-301F-11D3-BF4B-00C04F79EFBC}") = "Tars.Net.Core", "src\Tars.Net.Core\Tars.Net.Core.csproj", "{7F527B31-3623-4818-ADA2-80EE0066EC19}"
EndProject
Global
	GlobalSection(SolutionConfigurationPlatforms) = preSolution
		Debug|Any CPU = Debug|Any CPU
		Release|Any CPU = Release|Any CPU
	EndGlobalSection
	GlobalSection(ProjectConfigurationPlatforms) = postSolution
		{BA370C5F-117E-4B11-B15F-07983E829779}.Debug|Any CPU.ActiveCfg = Debug|Any CPU
		{BA370C5F-117E-4B11-B15F-07983E829779}.Debug|Any CPU.Build.0 = Debug|Any CPU
		{BA370C5F-117E-4B11-B15F-07983E829779}.Release|Any CPU.ActiveCfg = Release|Any CPU
		{BA370C5F-117E-4B11-B15F-07983E829779}.Release|Any CPU.Build.0 = Release|Any CPU
		{A502AC58-E5F6-40F8-B6CC-198BB1A15632}.Debug|Any CPU.ActiveCfg = Debug|Any CPU
		{A502AC58-E5F6-40F8-B6CC-198BB1A15632}.Debug|Any CPU.Build.0 = Debug|Any CPU
		{A502AC58-E5F6-40F8-B6CC-198BB1A15632}.Release|Any CPU.ActiveCfg = Release|Any CPU
		{A502AC58-E5F6-40F8-B6CC-198BB1A15632}.Release|Any CPU.Build.0 = Release|Any CPU
		{EAE9F81C-EB21-4A0D-8995-E2BE15D9BA98}.Debug|Any CPU.ActiveCfg = Debug|Any CPU
		{EAE9F81C-EB21-4A0D-8995-E2BE15D9BA98}.Debug|Any CPU.Build.0 = Debug|Any CPU
		{EAE9F81C-EB21-4A0D-8995-E2BE15D9BA98}.Release|Any CPU.ActiveCfg = Release|Any CPU
		{EAE9F81C-EB21-4A0D-8995-E2BE15D9BA98}.Release|Any CPU.Build.0 = Release|Any CPU
		{7F527B31-3623-4818-ADA2-80EE0066EC19}.Debug|Any CPU.ActiveCfg = Debug|Any CPU
		{7F527B31-3623-4818-ADA2-80EE0066EC19}.Debug|Any CPU.Build.0 = Debug|Any CPU
		{7F527B31-3623-4818-ADA2-80EE0066EC19}.Release|Any CPU.ActiveCfg = Release|Any CPU
		{7F527B31-3623-4818-ADA2-80EE0066EC19}.Release|Any CPU.Build.0 = Release|Any CPU
	EndGlobalSection
	GlobalSection(SolutionProperties) = preSolution
		HideSolutionNode = FALSE
	EndGlobalSection
	GlobalSection(NestedProjects) = preSolution
		{BA370C5F-117E-4B11-B15F-07983E829779} = {1DF558DF-E7DA-426F-8722-3A0BB461880D}
		{A502AC58-E5F6-40F8-B6CC-198BB1A15632} = {1DF558DF-E7DA-426F-8722-3A0BB461880D}
		{EAE9F81C-EB21-4A0D-8995-E2BE15D9BA98} = {6F29A37C-9052-4BEE-AFAC-5B16667D0633}
		{7F527B31-3623-4818-ADA2-80EE0066EC19} = {1DF558DF-E7DA-426F-8722-3A0BB461880D}
	EndGlobalSection
	GlobalSection(ExtensibilityGlobals) = postSolution
		SolutionGuid = {F638D94E-96B9-4274-B101-F7980779B941}
	EndGlobalSection
EndGlobal
