
Microsoft Visual Studio Solution File, Format Version 12.00
# Visual Studio 15
VisualStudioVersion = 15.0.28010.2003
MinimumVisualStudioVersion = 10.0.40219.1
Project("{2150E333-8FDC-42A3-9474-1A3956D46DE8}") = "src", "src", "{1DF558DF-E7DA-426F-8722-3A0BB461880D}"
EndProject
Project("{2150E333-8FDC-42A3-9474-1A3956D46DE8}") = "test", "test", "{78DADB7E-7D72-4D78-AF92-DE7841E38582}"
EndProject
Project("{9A19103F-16F7-4668-BE54-9A1E7A4F7556}") = "Tars.Net.Abstractions", "src\Tars.Net.Abstractions\Tars.Net.Abstractions.csproj", "{BA370C5F-117E-4B11-B15F-07983E829779}"
EndProject
Project("{9A19103F-16F7-4668-BE54-9A1E7A4F7556}") = "Tars.Net.DotNetty", "src\Tars.Net.DotNetty\Tars.Net.DotNetty.csproj", "{A502AC58-E5F6-40F8-B6CC-198BB1A15632}"
EndProject
Project("{2150E333-8FDC-42A3-9474-1A3956D46DE8}") = "examples", "examples", "{6F29A37C-9052-4BEE-AFAC-5B16667D0633}"
EndProject
Project("{9A19103F-16F7-4668-BE54-9A1E7A4F7556}") = "TcpServer", "examples\Tcp\TcpServer\TcpServer.csproj", "{EAE9F81C-EB21-4A0D-8995-E2BE15D9BA98}"
EndProject
Project("{9A19103F-16F7-4668-BE54-9A1E7A4F7556}") = "Tars.Net.Core", "src\Tars.Net.Core\Tars.Net.Core.csproj", "{7F527B31-3623-4818-ADA2-80EE0066EC19}"
EndProject
Project("{9A19103F-16F7-4668-BE54-9A1E7A4F7556}") = "Tars.Net.UT", "test\Tars.Net.UT\Tars.Net.UT.csproj", "{2A5118FB-2D1E-4DC6-84F9-6E86CA0E387B}"
EndProject
Project("{2150E333-8FDC-42A3-9474-1A3956D46DE8}") = "Tcp", "Tcp", "{D1866B8A-07F0-4498-B251-34E0318FFEED}"
EndProject
Project("{9A19103F-16F7-4668-BE54-9A1E7A4F7556}") = "TcpCommon", "examples\Tcp\TcpCommon\TcpCommon.csproj", "{F84E8E38-59BC-46D7-8E96-6F17AE7843D1}"
EndProject
Project("{9A19103F-16F7-4668-BE54-9A1E7A4F7556}") = "TcpClient", "examples\Tcp\TcpClient\TcpClient.csproj", "{17F342B9-D6E9-4931-B1EC-C5CEF2EC3729}"
EndProject
Global
	GlobalSection(SolutionConfigurationPlatforms) = preSolution
		Debug|Any CPU = Debug|Any CPU
		Release|Any CPU = Release|Any CPU
	EndGlobalSection
	GlobalSection(ProjectConfigurationPlatforms) = postSolution
		{BA370C5F-117E-4B11-B15F-07983E829779}.Debug|Any CPU.ActiveCfg = Debug|Any CPU
		{BA370C5F-117E-4B11-B15F-07983E829779}.Debug|Any CPU.Build.0 = Debug|Any CPU
		{BA370C5F-117E-4B11-B15F-07983E829779}.Release|Any CPU.ActiveCfg = Release|Any CPU
		{BA370C5F-117E-4B11-B15F-07983E829779}.Release|Any CPU.Build.0 = Release|Any CPU
		{A502AC58-E5F6-40F8-B6CC-198BB1A15632}.Debug|Any CPU.ActiveCfg = Debug|Any CPU
		{A502AC58-E5F6-40F8-B6CC-198BB1A15632}.Debug|Any CPU.Build.0 = Debug|Any CPU
		{A502AC58-E5F6-40F8-B6CC-198BB1A15632}.Release|Any CPU.ActiveCfg = Release|Any CPU
		{A502AC58-E5F6-40F8-B6CC-198BB1A15632}.Release|Any CPU.Build.0 = Release|Any CPU
		{EAE9F81C-EB21-4A0D-8995-E2BE15D9BA98}.Debug|Any CPU.ActiveCfg = Debug|Any CPU
		{EAE9F81C-EB21-4A0D-8995-E2BE15D9BA98}.Debug|Any CPU.Build.0 = Debug|Any CPU
		{EAE9F81C-EB21-4A0D-8995-E2BE15D9BA98}.Release|Any CPU.ActiveCfg = Release|Any CPU
		{EAE9F81C-EB21-4A0D-8995-E2BE15D9BA98}.Release|Any CPU.Build.0 = Release|Any CPU
		{7F527B31-3623-4818-ADA2-80EE0066EC19}.Debug|Any CPU.ActiveCfg = Debug|Any CPU
		{7F527B31-3623-4818-ADA2-80EE0066EC19}.Debug|Any CPU.Build.0 = Debug|Any CPU
		{7F527B31-3623-4818-ADA2-80EE0066EC19}.Release|Any CPU.ActiveCfg = Release|Any CPU
		{7F527B31-3623-4818-ADA2-80EE0066EC19}.Release|Any CPU.Build.0 = Release|Any CPU
		{2A5118FB-2D1E-4DC6-84F9-6E86CA0E387B}.Debug|Any CPU.ActiveCfg = Debug|Any CPU
		{2A5118FB-2D1E-4DC6-84F9-6E86CA0E387B}.Debug|Any CPU.Build.0 = Debug|Any CPU
		{2A5118FB-2D1E-4DC6-84F9-6E86CA0E387B}.Release|Any CPU.ActiveCfg = Release|Any CPU
		{2A5118FB-2D1E-4DC6-84F9-6E86CA0E387B}.Release|Any CPU.Build.0 = Release|Any CPU
		{F84E8E38-59BC-46D7-8E96-6F17AE7843D1}.Debug|Any CPU.ActiveCfg = Debug|Any CPU
		{F84E8E38-59BC-46D7-8E96-6F17AE7843D1}.Debug|Any CPU.Build.0 = Debug|Any CPU
		{F84E8E38-59BC-46D7-8E96-6F17AE7843D1}.Release|Any CPU.ActiveCfg = Release|Any CPU
		{F84E8E38-59BC-46D7-8E96-6F17AE7843D1}.Release|Any CPU.Build.0 = Release|Any CPU
		{17F342B9-D6E9-4931-B1EC-C5CEF2EC3729}.Debug|Any CPU.ActiveCfg = Debug|Any CPU
		{17F342B9-D6E9-4931-B1EC-C5CEF2EC3729}.Debug|Any CPU.Build.0 = Debug|Any CPU
		{17F342B9-D6E9-4931-B1EC-C5CEF2EC3729}.Release|Any CPU.ActiveCfg = Release|Any CPU
		{17F342B9-D6E9-4931-B1EC-C5CEF2EC3729}.Release|Any CPU.Build.0 = Release|Any CPU
	EndGlobalSection
	GlobalSection(SolutionProperties) = preSolution
		HideSolutionNode = FALSE
	EndGlobalSection
	GlobalSection(NestedProjects) = preSolution
		{BA370C5F-117E-4B11-B15F-07983E829779} = {1DF558DF-E7DA-426F-8722-3A0BB461880D}
		{A502AC58-E5F6-40F8-B6CC-198BB1A15632} = {1DF558DF-E7DA-426F-8722-3A0BB461880D}
		{EAE9F81C-EB21-4A0D-8995-E2BE15D9BA98} = {D1866B8A-07F0-4498-B251-34E0318FFEED}
		{7F527B31-3623-4818-ADA2-80EE0066EC19} = {1DF558DF-E7DA-426F-8722-3A0BB461880D}
		{2A5118FB-2D1E-4DC6-84F9-6E86CA0E387B} = {78DADB7E-7D72-4D78-AF92-DE7841E38582}
		{D1866B8A-07F0-4498-B251-34E0318FFEED} = {6F29A37C-9052-4BEE-AFAC-5B16667D0633}
		{F84E8E38-59BC-46D7-8E96-6F17AE7843D1} = {D1866B8A-07F0-4498-B251-34E0318FFEED}
		{17F342B9-D6E9-4931-B1EC-C5CEF2EC3729} = {D1866B8A-07F0-4498-B251-34E0318FFEED}
	EndGlobalSection
	GlobalSection(ExtensibilityGlobals) = postSolution
		SolutionGuid = {F638D94E-96B9-4274-B101-F7980779B941}
	EndGlobalSection
EndGlobal
